
Microsoft Visual Studio Solution File, Format Version 12.00
# Visual Studio Version 17
VisualStudioVersion = 17.1.32228.430
MinimumVisualStudioVersion = 10.0.40219.1
Project("{9A19103F-16F7-4668-BE54-9A1E7A4F7556}") = "my-books", "my-books\my-books.csproj", "{3FDD0743-4D62-44AA-9639-20E9204E6621}"
EndProject
Project("{FAE04EC0-301F-11D3-BF4B-00C04F79EFBC}") = "my-books-tests", "my-books-tests\my-books-tests.csproj", "{E8819B3E-8E13-4B6D-9833-3A31839844F6}"
EndProject
Global
	GlobalSection(SolutionConfigurationPlatforms) = preSolution
		Debug|Any CPU = Debug|Any CPU
		Release|Any CPU = Release|Any CPU
	EndGlobalSection
	GlobalSection(ProjectConfigurationPlatforms) = postSolution
		{3FDD0743-4D62-44AA-9639-20E9204E6621}.Debug|Any CPU.ActiveCfg = Debug|Any CPU
		{3FDD0743-4D62-44AA-9639-20E9204E6621}.Debug|Any CPU.Build.0 = Debug|Any CPU
		{3FDD0743-4D62-44AA-9639-20E9204E6621}.Release|Any CPU.ActiveCfg = Release|Any CPU
		{3FDD0743-4D62-44AA-9639-20E9204E6621}.Release|Any CPU.Build.0 = Release|Any CPU
		{E8819B3E-8E13-4B6D-9833-3A31839844F6}.Debug|Any CPU.ActiveCfg = Debug|Any CPU
		{E8819B3E-8E13-4B6D-9833-3A31839844F6}.Debug|Any CPU.Build.0 = Debug|Any CPU
		{E8819B3E-8E13-4B6D-9833-3A31839844F6}.Release|Any CPU.ActiveCfg = Release|Any CPU
		{E8819B3E-8E13-4B6D-9833-3A31839844F6}.Release|Any CPU.Build.0 = Release|Any CPU
	EndGlobalSection
	GlobalSection(SolutionProperties) = preSolution
		HideSolutionNode = FALSE
	EndGlobalSection
	GlobalSection(ExtensibilityGlobals) = postSolution
		SolutionGuid = {4364A7B0-9AAA-44AC-9578-D9C04F7F29A7}
	EndGlobalSection
EndGlobal
